<<<<<<< baseline
﻿
Microsoft Visual Studio Solution File, Format Version 11.00
# Visual Studio 2010
Project("{8BC9CEB8-8B4A-11D0-8D11-00A0C91BC942}") = "classdesc", "classdesc.vcxproj", "{B56D8F76-C19F-48C5-8D41-79B5D45009ED}"
EndProject
Global
	GlobalSection(SolutionConfigurationPlatforms) = preSolution
		Debug|Win32 = Debug|Win32
		Release|Win32 = Release|Win32
	EndGlobalSection
	GlobalSection(ProjectConfigurationPlatforms) = postSolution
		{B56D8F76-C19F-48C5-8D41-79B5D45009ED}.Debug|Win32.ActiveCfg = Debug|Win32
		{B56D8F76-C19F-48C5-8D41-79B5D45009ED}.Debug|Win32.Build.0 = Debug|Win32
		{B56D8F76-C19F-48C5-8D41-79B5D45009ED}.Release|Win32.ActiveCfg = Release|Win32
		{B56D8F76-C19F-48C5-8D41-79B5D45009ED}.Release|Win32.Build.0 = Release|Win32
	EndGlobalSection
	GlobalSection(SolutionProperties) = preSolution
		HideSolutionNode = FALSE
	EndGlobalSection
EndGlobal
=======
<<<<<<< baseline
﻿
Microsoft Visual Studio Solution File, Format Version 10.00
# Visual C++ Express 2008
Project("{8BC9CEB8-8B4A-11D0-8D11-00A0C91BC942}") = "classdesc", "classdesc.vcproj", "{B56D8F76-C19F-48C5-8D41-79B5D45009ED}"
EndProject
Project("{8BC9CEB8-8B4A-11D0-8D11-00A0C91BC942}") = "heat_example", "examples\heat.vcproj", "{A39BE655-D942-4815-98CE-10F20EE59A65}"
	ProjectSection(ProjectDependencies) = postProject
		{B56D8F76-C19F-48C5-8D41-79B5D45009ED} = {B56D8F76-C19F-48C5-8D41-79B5D45009ED}
	EndProjectSection
EndProject
Project("{8BC9CEB8-8B4A-11D0-8D11-00A0C91BC942}") = "testXML_base", "test\testXML_base.vcproj", "{E33D82D3-886C-4700-8E1A-4A01E2CFA76A}"
EndProject
Project("{8BC9CEB8-8B4A-11D0-8D11-00A0C91BC942}") = "testXMLcd", "test\testXMLcd.vcproj", "{4F075867-BA71-4E4D-9BF8-5E9B52699C4B}"
EndProject
Global
	GlobalSection(SolutionConfigurationPlatforms) = preSolution
		Debug|Win32 = Debug|Win32
		Release|Win32 = Release|Win32
	EndGlobalSection
	GlobalSection(ProjectConfigurationPlatforms) = postSolution
		{B56D8F76-C19F-48C5-8D41-79B5D45009ED}.Debug|Win32.ActiveCfg = Debug|Win32
		{B56D8F76-C19F-48C5-8D41-79B5D45009ED}.Debug|Win32.Build.0 = Debug|Win32
		{B56D8F76-C19F-48C5-8D41-79B5D45009ED}.Release|Win32.ActiveCfg = Release|Win32
		{B56D8F76-C19F-48C5-8D41-79B5D45009ED}.Release|Win32.Build.0 = Release|Win32
		{A39BE655-D942-4815-98CE-10F20EE59A65}.Debug|Win32.ActiveCfg = Debug|Win32
		{A39BE655-D942-4815-98CE-10F20EE59A65}.Debug|Win32.Build.0 = Debug|Win32
		{A39BE655-D942-4815-98CE-10F20EE59A65}.Release|Win32.ActiveCfg = Release|Win32
		{A39BE655-D942-4815-98CE-10F20EE59A65}.Release|Win32.Build.0 = Release|Win32
		{E33D82D3-886C-4700-8E1A-4A01E2CFA76A}.Debug|Win32.ActiveCfg = Debug|Win32
		{E33D82D3-886C-4700-8E1A-4A01E2CFA76A}.Debug|Win32.Build.0 = Debug|Win32
		{E33D82D3-886C-4700-8E1A-4A01E2CFA76A}.Release|Win32.ActiveCfg = Release|Win32
		{E33D82D3-886C-4700-8E1A-4A01E2CFA76A}.Release|Win32.Build.0 = Release|Win32
		{4F075867-BA71-4E4D-9BF8-5E9B52699C4B}.Debug|Win32.ActiveCfg = Debug|Win32
		{4F075867-BA71-4E4D-9BF8-5E9B52699C4B}.Debug|Win32.Build.0 = Debug|Win32
		{4F075867-BA71-4E4D-9BF8-5E9B52699C4B}.Release|Win32.ActiveCfg = Release|Win32
		{4F075867-BA71-4E4D-9BF8-5E9B52699C4B}.Release|Win32.Build.0 = Release|Win32
	EndGlobalSection
	GlobalSection(SolutionProperties) = preSolution
		HideSolutionNode = FALSE
	EndGlobalSection
EndGlobal
=======
﻿
Microsoft Visual Studio Solution File, Format Version 9.00
# Visual Studio 2005
Project("{8BC9CEB8-8B4A-11D0-8D11-00A0C91BC942}") = "classdesc", "classdesc.vcproj", "{B56D8F76-C19F-48C5-8D41-79B5D45009ED}"
EndProject
Global
	GlobalSection(SolutionConfigurationPlatforms) = preSolution
		Debug|Win32 = Debug|Win32
		Release|Win32 = Release|Win32
	EndGlobalSection
	GlobalSection(ProjectConfigurationPlatforms) = postSolution
		{B56D8F76-C19F-48C5-8D41-79B5D45009ED}.Debug|Win32.ActiveCfg = Debug|Win32
		{B56D8F76-C19F-48C5-8D41-79B5D45009ED}.Debug|Win32.Build.0 = Debug|Win32
		{B56D8F76-C19F-48C5-8D41-79B5D45009ED}.Release|Win32.ActiveCfg = Release|Win32
		{B56D8F76-C19F-48C5-8D41-79B5D45009ED}.Release|Win32.Build.0 = Release|Win32
	EndGlobalSection
	GlobalSection(SolutionProperties) = preSolution
		HideSolutionNode = FALSE
	EndGlobalSection
EndGlobal
>>>>>>> /home/rks/classdesc.3.0.C020/classdesc.sln,B
>>>>>>> /home/rks/classdesc.3.0.C049/classdesc.sln,B
